{
  "name": "ultraviolet-unix-socket",
  "version": "1.0.0",
  "lockfileVersion": 3,
  "requires": true,
  "packages": {
    "": {
      "name": "ultraviolet-unix-socket",
      "version": "1.0.0",
      "license": "AGPL-3.0",
      "dependencies": {
        "@mercuryworkshop/bare-mux": "^2.1.7",
        "@mercuryworkshop/epoxy-transport": "^2.1.27",
        "@titaniumnetwork-dev/ultraviolet": "^3.2.10",
        "mime-types": "^3.0.1",
        "wisp-server-node": "^1.1.7"
      }
    },
    "node_modules/@mercuryworkshop/bare-mux": {
      "version": "2.1.7",
      "resolved": "https://registry.npmjs.org/@mercuryworkshop/bare-mux/-/bare-mux-2.1.7.tgz",
      "integrity": "sha512-BUamyc7jsIFbWQVVWjVjaD+Wot77EPwolkrbP3UuIs6QeHR1RY52+IR2fq3GkRAbOOrAZNT7EgZSsupkh1NowQ=="
    },
    "node_modules/@mercuryworkshop/epoxy-tls": {
      "version": "2.1.16-1",
      "resolved": "https://registry.npmjs.org/@mercuryworkshop/epoxy-tls/-/epoxy-tls-2.1.16-1.tgz",
      "integrity": "sha512-tyiFvbpt/qf7KyAYVyY0GdFmf/OJvIW1U96dOKsN/k/zbP+xErsCvKJGYK2J27xSyRjpK1N4mkz39wnKkWuibA==",
      "license": "AGPL-3.0-only"
    },
    "node_modules/@mercuryworkshop/epoxy-transport": {
      "version": "2.1.27",
      "resolved": "https://registry.npmjs.org/@mercuryworkshop/epoxy-transport/-/epoxy-transport-2.1.27.tgz",
      "integrity": "sha512-jvlJbNbqokU2YRfNYUCqSX+m4/T5Jx659Zn0/AgV2ZfB0S67FK7z9ZMstuxrZHog2AmBdOFaYUjLnI6cAboiaw==",
      "license": "AGPL-3.0-only",
      "dependencies": {
        "@mercuryworkshop/epoxy-tls": "2.1.16-1"
      }
    },
    "node_modules/@titaniumnetwork-dev/ultraviolet": {
      "version": "3.2.10",
      "resolved": "https://registry.npmjs.org/@titaniumnetwork-dev/ultraviolet/-/ultraviolet-3.2.10.tgz",
      "integrity": "sha512-Sf0Leb+NMEwFA8EQxCLW/wJW6TNR/EITBPKHadiq4DNOEbgXJdmIW8PKmsNkyOvAIN6o2peE86S6qxQt6ft1Ew==",
      "license": "MIT",
      "dependencies": {
        "@mercuryworkshop/bare-mux": "^2.1.6",
        "astring": "^1.9.0",
        "events": "^3.3.0",
        "idb": "^8.0.0",
        "meriyah": "^6.0.2",
        "parse5": "^7.2.0",
        "set-cookie-parser": "^2.7.1"
      }
    },
    "node_modules/astring": {
      "version": "1.9.0",
      "resolved": "https://registry.npmjs.org/astring/-/astring-1.9.0.tgz",
      "integrity": "sha512-LElXdjswlqjWrPpJFg1Fx4wpkOCxj1TDHlSV4PlaRxHGWko024xICaa97ZkMfs6DRKlCguiAI+rbXv5GWwXIkg==",
      "license": "MIT",
      "bin": {
        "astring": "bin/astring"
      }
    },
    "node_modules/bufferutil": {
      "version": "4.0.9",
      "resolved": "https://registry.npmjs.org/bufferutil/-/bufferutil-4.0.9.tgz",
      "integrity": "sha512-WDtdLmJvAuNNPzByAYpRo2rF1Mmradw6gvWsQKf63476DDXmomT9zUiGypLcG4ibIM67vhAj8jJRdbmEws2Aqw==",
      "hasInstallScript": true,
      "license": "MIT",
      "dependencies": {
        "node-gyp-build": "^4.3.0"
      },
      "engines": {
        "node": ">=6.14.2"
      }
    },
    "node_modules/entities": {
      "version": "6.0.1",
      "resolved": "https://registry.npmjs.org/entities/-/entities-6.0.1.tgz",
      "integrity": "sha512-aN97NXWF6AWBTahfVOIrB/NShkzi5H7F9r1s9mD3cDj4Ko5f2qhhVoYMibXF7GlLveb/D2ioWay8lxI97Ven3g==",
      "license": "BSD-2-Clause",
      "engines": {
        "node": ">=0.12"
      },
      "funding": {
        "url": "https://github.com/fb55/entities?sponsor=1"
      }
    },
    "node_modules/events": {
      "version": "3.3.0",
      "resolved": "https://registry.npmjs.org/events/-/events-3.3.0.tgz",
      "integrity": "sha512-mQw+2fkQbALzQ7V0MY0IqdnXNOeTtP4r0lN9z7AAawCXgqea7bDii20AYrIBrFd/Hx0M2Ocz6S111CaFkUcb0Q==",
      "license": "MIT",
      "engines": {
        "node": ">=0.8.x"
      }
    },
    "node_modules/idb": {
      "version": "8.0.3",
      "resolved": "https://registry.npmjs.org/idb/-/idb-8.0.3.tgz",
      "integrity": "sha512-LtwtVyVYO5BqRvcsKuB2iUMnHwPVByPCXFXOpuU96IZPPoPN6xjOGxZQ74pgSVVLQWtUOYgyeL4GE98BY5D3wg==",
      "license": "ISC"
    },
    "node_modules/meriyah": {
      "version": "6.1.3",
      "resolved": "https://registry.npmjs.org/meriyah/-/meriyah-6.1.3.tgz",
      "integrity": "sha512-rA8sdKuVWzfh/bF/f7w1dIjlsVLsHSGlB8PwrSQRJCfk6pyU9bJRTEs+oUXA7DUACD1nHdqZ78mdpRNOB0vhsw==",
      "license": "ISC",
      "engines": {
        "node": ">=18.0.0"
      }
    },
    "node_modules/mime-db": {
      "version": "1.54.0",
      "resolved": "https://registry.npmjs.org/mime-db/-/mime-db-1.54.0.tgz",
      "integrity": "sha512-aU5EJuIN2WDemCcAp2vFBfp/m4EAhWJnUNSSw0ixs7/kXbd6Pg64EmwJkNdFhB8aWt1sH2CTXrLxo/iAGV3oPQ==",
      "license": "MIT",
      "engines": {
        "node": ">= 0.6"
      }
    },
    "node_modules/mime-types": {
      "version": "3.0.1",
      "resolved": "https://registry.npmjs.org/mime-types/-/mime-types-3.0.1.tgz",
      "integrity": "sha512-xRc4oEhT6eaBpU1XF7AjpOFD+xQmXNB5OVKwp4tqCuBpHLS/ZbBDrc07mYTDqVMg6PfxUjjNp85O6Cd2Z/5HWA==",
      "license": "MIT",
      "dependencies": {
        "mime-db": "^1.54.0"
      },
      "engines": {
        "node": ">= 0.6"
      }
    },
    "node_modules/node-gyp-build": {
      "version": "4.8.4",
      "resolved": "https://registry.npmjs.org/node-gyp-build/-/node-gyp-build-4.8.4.tgz",
      "integrity": "sha512-LA4ZjwlnUblHVgq0oBF3Jl/6h/Nvs5fzBLwdEF4nuxnFdsfajde4WfxtJr3CaiH+F6ewcIB/q4jQ4UzPyid+CQ==",
      "license": "MIT",
      "bin": {
        "node-gyp-build": "bin.js",
        "node-gyp-build-optional": "optional.js",
        "node-gyp-build-test": "build-test.js"
      }
    },
    "node_modules/parse5": {
      "version": "7.3.0",
      "resolved": "https://registry.npmjs.org/parse5/-/parse5-7.3.0.tgz",
      "integrity": "sha512-IInvU7fabl34qmi9gY8XOVxhYyMyuH2xUNpb2q8/Y+7552KlejkRvqvD19nMoUW/uQGGbqNpA6Tufu5FL5BZgw==",
      "license": "MIT",
      "dependencies": {
        "entities": "^6.0.0"
      },
      "funding": {
        "url": "https://github.com/inikulin/parse5?sponsor=1"
      }
    },
    "node_modules/set-cookie-parser": {
      "version": "2.7.1",
      "resolved": "https://registry.npmjs.org/set-cookie-parser/-/set-cookie-parser-2.7.1.tgz",
      "integrity": "sha512-IOc8uWeOZgnb3ptbCURJWNjWUPcO3ZnTTdzsurqERrP6nPyv+paC55vJM0LpOlT2ne+Ix+9+CRG1MNLlyZ4GjQ==",
      "license": "MIT"
    },
    "node_modules/utf-8-validate": {
      "version": "6.0.5",
      "resolved": "https://registry.npmjs.org/utf-8-validate/-/utf-8-validate-6.0.5.tgz",
      "integrity": "sha512-EYZR+OpIXp9Y1eG1iueg8KRsY8TuT8VNgnanZ0uA3STqhHQTLwbl+WX76/9X5OY12yQubymBpaBSmMPkSTQcKA==",
      "hasInstallScript": true,
      "license": "MIT",
      "dependencies": {
        "node-gyp-build": "^4.3.0"
      },
      "engines": {
        "node": ">=6.14.2"
      }
    },
    "node_modules/wisp-server-node": {
      "version": "1.1.7",
      "resolved": "https://registry.npmjs.org/wisp-server-node/-/wisp-server-node-1.1.7.tgz",
      "integrity": "sha512-1kL4dbGAZLHks3qYQDOzhxFKvmKwPwfMFTskvsdOc2YA6TmUKZvq5TNPkGs9JJXPnWiOtqMzAVQVC/FwixxXvQ==",
      "license": "AGPL-3.0-only",
      "dependencies": {
        "bufferutil": "^4.0.8",
        "utf-8-validate": "^6.0.4",
        "ws": "^8.18.0"
      }
    },
    "node_modules/ws": {
      "version": "8.18.2",
      "resolved": "https://registry.npmjs.org/ws/-/ws-8.18.2.tgz",
      "integrity": "sha512-DMricUmwGZUVr++AEAe2uiVM7UoO9MAVZMDu05UQOaUII0lp+zOzLLU4Xqh/JvTqklB1T4uELaaPBKyjE1r4fQ==",
      "license": "MIT",
      "engines": {
        "node": ">=10.0.0"
      },
      "peerDependencies": {
        "bufferutil": "^4.0.1",
        "utf-8-validate": ">=5.0.2"
      },
      "peerDependenciesMeta": {
        "bufferutil": {
          "optional": true
        },
        "utf-8-validate": {
          "optional": true
        }
      }
    }
  }
}
